
Microsoft Visual Studio Solution File, Format Version 12.00
# Visual Studio Version 17
VisualStudioVersion = 17.0.31903.59
MinimumVisualStudioVersion = 10.0.40219.1
Project("{2150E333-8FDC-42A3-9474-1A3956D46DE8}") = "tests", "tests", "{A6D65D5B-CE47-4562-B1DE-05F0B9AD67EB}"
EndProject
Project("{FAE04EC0-301F-11D3-BF4B-00C04F79EFBC}") = "StockWeb.Tests", "tests\StockWeb.Tests\StockWeb.Tests.csproj", "{CADAE0F7-93F8-4056-B4CD-E6F0F0257112}"
EndProject
Project("{2150E333-8FDC-42A3-9474-1A3956D46DE8}") = "src", "src", "{B28438F8-5229-4059-BAC2-BA01FCB83592}"
EndProject
Project("{FAE04EC0-301F-11D3-BF4B-00C04F79EFBC}") = "StockWeb.Models", "src\StockWeb.Models\StockWeb.Models.csproj", "{8552DD56-2209-4316-8516-2A19B51A5196}"
EndProject
Project("{FAE04EC0-301F-11D3-BF4B-00C04F79EFBC}") = "StockWeb.Services", "src\StockWeb.Services\StockWeb.Services.csproj", "{BF295DF6-D898-42E1-BF2F-D3ED10FAB080}"
EndProject
Project("{FAE04EC0-301F-11D3-BF4B-00C04F79EFBC}") = "StockWeb.Data", "src\StockWeb.Data\StockWeb.Data.csproj", "{C9FF4687-8413-4C58-8381-0040D99C44CF}"
EndProject
Project("{FAE04EC0-301F-11D3-BF4B-00C04F79EFBC}") = "StockWeb.Web", "src\StockWeb.Web\StockWeb.Web.csproj", "{CB3197B1-82CF-453F-991A-8532A38C9F78}"
EndProject
Global
	GlobalSection(SolutionConfigurationPlatforms) = preSolution
		Debug|Any CPU = Debug|Any CPU
		Release|Any CPU = Release|Any CPU
	EndGlobalSection
	GlobalSection(SolutionProperties) = preSolution
		HideSolutionNode = FALSE
	EndGlobalSection
	GlobalSection(ProjectConfigurationPlatforms) = postSolution
		{CADAE0F7-93F8-4056-B4CD-E6F0F0257112}.Debug|Any CPU.ActiveCfg = Debug|Any CPU
		{CADAE0F7-93F8-4056-B4CD-E6F0F0257112}.Debug|Any CPU.Build.0 = Debug|Any CPU
		{CADAE0F7-93F8-4056-B4CD-E6F0F0257112}.Release|Any CPU.ActiveCfg = Release|Any CPU
		{CADAE0F7-93F8-4056-B4CD-E6F0F0257112}.Release|Any CPU.Build.0 = Release|Any CPU
		{8552DD56-2209-4316-8516-2A19B51A5196}.Debug|Any CPU.ActiveCfg = Debug|Any CPU
		{8552DD56-2209-4316-8516-2A19B51A5196}.Debug|Any CPU.Build.0 = Debug|Any CPU
		{8552DD56-2209-4316-8516-2A19B51A5196}.Release|Any CPU.ActiveCfg = Release|Any CPU
		{8552DD56-2209-4316-8516-2A19B51A5196}.Release|Any CPU.Build.0 = Release|Any CPU
		{BF295DF6-D898-42E1-BF2F-D3ED10FAB080}.Debug|Any CPU.ActiveCfg = Debug|Any CPU
		{BF295DF6-D898-42E1-BF2F-D3ED10FAB080}.Debug|Any CPU.Build.0 = Debug|Any CPU
		{BF295DF6-D898-42E1-BF2F-D3ED10FAB080}.Release|Any CPU.ActiveCfg = Release|Any CPU
		{BF295DF6-D898-42E1-BF2F-D3ED10FAB080}.Release|Any CPU.Build.0 = Release|Any CPU
		{C9FF4687-8413-4C58-8381-0040D99C44CF}.Debug|Any CPU.ActiveCfg = Debug|Any CPU
		{C9FF4687-8413-4C58-8381-0040D99C44CF}.Debug|Any CPU.Build.0 = Debug|Any CPU
		{C9FF4687-8413-4C58-8381-0040D99C44CF}.Release|Any CPU.ActiveCfg = Release|Any CPU
		{C9FF4687-8413-4C58-8381-0040D99C44CF}.Release|Any CPU.Build.0 = Release|Any CPU
		{CB3197B1-82CF-453F-991A-8532A38C9F78}.Debug|Any CPU.ActiveCfg = Debug|Any CPU
		{CB3197B1-82CF-453F-991A-8532A38C9F78}.Debug|Any CPU.Build.0 = Debug|Any CPU
		{CB3197B1-82CF-453F-991A-8532A38C9F78}.Release|Any CPU.ActiveCfg = Release|Any CPU
		{CB3197B1-82CF-453F-991A-8532A38C9F78}.Release|Any CPU.Build.0 = Release|Any CPU
	EndGlobalSection
	GlobalSection(NestedProjects) = preSolution
		{CADAE0F7-93F8-4056-B4CD-E6F0F0257112} = {A6D65D5B-CE47-4562-B1DE-05F0B9AD67EB}
		{8552DD56-2209-4316-8516-2A19B51A5196} = {B28438F8-5229-4059-BAC2-BA01FCB83592}
		{BF295DF6-D898-42E1-BF2F-D3ED10FAB080} = {B28438F8-5229-4059-BAC2-BA01FCB83592}
		{C9FF4687-8413-4C58-8381-0040D99C44CF} = {B28438F8-5229-4059-BAC2-BA01FCB83592}
		{CB3197B1-82CF-453F-991A-8532A38C9F78} = {B28438F8-5229-4059-BAC2-BA01FCB83592}
	EndGlobalSection
EndGlobal
